{
  "name": "tindev",
  "version": "1.0.0",
  "lockfileVersion": 1,
  "requires": true,
  "dependencies": {
    "@angular/animations": {
      "version": "4.2.3",
      "resolved": "https://registry.npmjs.org/@angular/animations/-/animations-4.2.3.tgz",
      "integrity": "sha1-aGkmpp0MnCapvK0mzW+9AkW7bBs="
    },
    "@angular/cli": {
      "version": "1.0.0",
      "resolved": "https://registry.npmjs.org/@angular/cli/-/cli-1.0.0.tgz",
      "integrity": "sha1-e/3h58Xyi/W+1N2hNS7mfuiHMC8=",
      "dev": true,
      "dependencies": {
        "camelcase": {
          "version": "1.2.1",
          "resolved": "https://registry.npmjs.org/camelcase/-/camelcase-1.2.1.tgz",
          "integrity": "sha1-m7UwTS4LVmmLLHWLCKPqqdqlijk="
        },
        "cliui": {
          "version": "2.1.0",
          "resolved": "https://registry.npmjs.org/cliui/-/cliui-2.1.0.tgz",
          "integrity": "sha1-S0dXYP+AJkx2LDoXGQMukcf+oNE="
        },
        "css-loader": {
          "version": "0.26.4",
          "resolved": "https://registry.npmjs.org/css-loader/-/css-loader-0.26.4.tgz",
          "integrity": "sha1-th6eMNuUMD5v/IkvEOzQmtAlof0="
        },
        "extract-text-webpack-plugin": {
          "version": "2.0.0",
          "resolved": "https://registry.npmjs.org/extract-text-webpack-plugin/-/extract-text-webpack-plugin-2.0.0.tgz",
          "integrity": "sha1-hkD3JgmACjUo8ToqljTVZqXBrmA="
        },
        "file-loader": {
          "version": "0.10.1",
          "resolved": "https://registry.npmjs.org/file-loader/-/file-loader-0.10.1.tgz",
          "integrity": "sha1-gVA0EZiR/GRB+1pkwRvJPCLd2EI="
        },
        "postcss-loader": {
          "version": "0.13.0",
          "resolved": "https://registry.npmjs.org/postcss-loader/-/postcss-loader-0.13.0.tgz",
          "integrity": "sha1-cv2vDSlETfd9N1HOTmncQLyZ7YU=",
          "dependencies": {
            "loader-utils": {
              "version": "0.2.17",
              "resolved": "https://registry.npmjs.org/loader-utils/-/loader-utils-0.2.17.tgz",
              "integrity": "sha1-+G5jdNQyBabmxg6RlvF8Apm/s0g="
            }
          }
        },
        "sass-loader": {
          "version": "4.1.1",
          "resolved": "https://registry.npmjs.org/sass-loader/-/sass-loader-4.1.1.tgz",
          "integrity": "sha1-ee+UaM8L9kbClSnh8sumvW5Rx7w=",
          "dependencies": {
            "loader-utils": {
              "version": "0.2.17",
              "resolved": "https://registry.npmjs.org/loader-utils/-/loader-utils-0.2.17.tgz",
              "integrity": "sha1-+G5jdNQyBabmxg6RlvF8Apm/s0g="
            }
          }
        },
        "style-loader": {
          "version": "0.13.2",
          "resolved": "https://registry.npmjs.org/style-loader/-/style-loader-0.13.2.tgz",
          "integrity": "sha1-dFMzhM9pjHEEx5URULSXF63C87s="
        },
        "uglify-js": {
          "version": "2.8.28",
          "resolved": "https://registry.npmjs.org/uglify-js/-/uglify-js-2.8.28.tgz",
          "integrity": "sha512-WqKNbmNJKzIdIEQu/U2ytgGBbhCy2PVks94GoetczOAJ/zCgVu2CuO7gguI5KPFGPtUtI1dmPQl6h0D4cPzypA==",
          "dependencies": {
            "yargs": {
              "version": "3.10.0",
              "resolved": "https://registry.npmjs.org/yargs/-/yargs-3.10.0.tgz",
              "integrity": "sha1-9+572FfdfB0tOMDnTvvWgdFDH9E="
            }
          }
        },
        "webpack": {
          "version": "2.2.1",
          "resolved": "https://registry.npmjs.org/webpack/-/webpack-2.2.1.tgz",
          "integrity": "sha1-e7HXKuIIfdGkr1Jq/sFe7RfdpHU=",
          "dependencies": {
            "loader-utils": {
              "version": "0.2.17",
              "resolved": "https://registry.npmjs.org/loader-utils/-/loader-utils-0.2.17.tgz",
              "integrity": "sha1-+G5jdNQyBabmxg6RlvF8Apm/s0g="
            }
          }
        },
        "webpack-dev-server": {
          "version": "2.3.0",
          "resolved": "https://registry.npmjs.org/webpack-dev-server/-/webpack-dev-server-2.3.0.tgz",
          "integrity": "sha1-BDdwS71NlBpuTAYes8wjLtfQYQE="
        },
        "webpack-merge": {
          "version": "2.6.1",
          "resolved": "https://registry.npmjs.org/webpack-merge/-/webpack-merge-2.6.1.tgz",
          "integrity": "sha1-8dgB0sXTn4P/7J8RkkCz476ZShw="
        },
        "wordwrap": {
          "version": "0.0.2",
          "resolved": "https://registry.npmjs.org/wordwrap/-/wordwrap-0.0.2.tgz",
          "integrity": "sha1-t5Zpu0LstAn4PVg8rVLKF+qhZD8="
        },
        "zone.js": {
          "version": "0.7.8",
          "resolved": "https://registry.npmjs.org/zone.js/-/zone.js-0.7.8.tgz",
          "integrity": "sha1-Tz/og01EWX8mOQU6D6Q43zT//e0="
        }
      }
    },
    "@angular/common": {
      "version": "4.2.3",
      "resolved": "https://registry.npmjs.org/@angular/common/-/common-4.2.3.tgz",
      "integrity": "sha1-4Bc2EutqnPjdUL00yKky286R0r8="
    },
    "@angular/compiler": {
      "version": "4.2.3",
      "resolved": "https://registry.npmjs.org/@angular/compiler/-/compiler-4.2.3.tgz",
      "integrity": "sha1-6c3tR5lM9K23Ui13jEax98UmMwI="
    },
    "@angular/compiler-cli": {
      "version": "4.4.7",
      "resolved": "https://registry.npmjs.org/@angular/compiler-cli/-/compiler-cli-4.4.7.tgz",
      "integrity": "sha512-vzphs9galtMV29CW+ihp6v0HwSQrjAFqs04swqt9o0jEJET6/mPi1EFjJRNZiFn6ghh6lxUPr3vThy7CrSNxHg==",
      "dev": true,
      "requires": {
        "@angular/tsc-wrapped": "4.4.7",
        "minimist": "^1.2.0",
        "reflect-metadata": "^0.1.2"
      },
      "dependencies": {
        "@angular/tsc-wrapped": {
          "version": "4.4.7",
          "resolved": "https://registry.npmjs.org/@angular/tsc-wrapped/-/tsc-wrapped-4.4.7.tgz",
          "integrity": "sha512-R9w7sTU+HSTMPOa4NgvPL753qB6aqnPc1AVh2rwSl5FOpLS/AeeyzIhRnBsVXGrZrTcBQVLp/Cxg1oUSXE2k4Q==",
          "dev": true,
          "requires": {
            "tsickle": "^0.21.0"
          }
        },
        "minimist": {
          "version": "1.2.5",
          "resolved": "https://registry.npmjs.org/minimist/-/minimist-1.2.5.tgz",
          "integrity": "sha512-FM9nNUYrRBAELZQT3xeZQ7fmMOBg6nWNmJKTcgsJeaLstP/UODVpGsr5OhXhhXg6f+qtJ8uiZ+PUxkDWcgIXLw==",
          "dev": true
        }
      }
    },
    "@angular/core": {
      "version": "4.2.3",
      "resolved": "https://registry.npmjs.org/@angular/core/-/core-4.2.3.tgz",
      "integrity": "sha1-q3MpwY1P0wWHK4Jxj/rj525NRUk="
    },
    "@angular/forms": {
      "version": "4.2.3",
      "resolved": "https://registry.npmjs.org/@angular/forms/-/forms-4.2.3.tgz",
      "integrity": "sha1-/3cPCkXzfNmafCDO3OVg0BjJyjs="
    },
    "@angular/http": {
      "version": "4.2.3",
      "resolved": "https://registry.npmjs.org/@angular/http/-/http-4.2.3.tgz",
      "integrity": "sha1-io/8j9/P2huSz8M178ZY7dS2pno="
    },
    "@angular/platform-browser": {
      "version": "4.0.0",
      "resolved": "https://registry.npmjs.org/@angular/platform-browser/-/platform-browser-4.0.0.tgz",
      "integrity": "sha1-USrpqxnMwl+nkCf0TikbzuI2zSs="
    },
    "@angular/platform-browser-dynamic": {
      "version": "4.2.3",
      "resolved": "https://registry.npmjs.org/@angular/platform-browser-dynamic/-/platform-browser-dynamic-4.2.3.tgz",
      "integrity": "sha1-h85B9XedMcvGjHHba/66IW0TVVQ="
    },
    "@angular/router": {
      "version": "4.2.3",
      "resolved": "https://registry.npmjs.org/@angular/router/-/router-4.2.3.tgz",
      "integrity": "sha1-RJJDGxsFr4X+ttzCspg4IAazqdo="
    },
    "@ng-bootstrap/ng-bootstrap": {
      "version": "1.0.0-alpha.26",
      "resolved": "https://registry.npmjs.org/@ng-bootstrap/ng-bootstrap/-/ng-bootstrap-1.0.0-alpha.26.tgz",
      "integrity": "sha1-89nha1aC7CDts/E5fT1FpXbz9qQ="
    },
    "@types/jasmine": {
      "version": "2.5.47",
      "resolved": "https://registry.npmjs.org/@types/jasmine/-/jasmine-2.5.47.tgz",
      "integrity": "sha1-u7qbzw6V54kMb0pHOU6LrKqWDrY=",
      "dev": true
    },
    "@types/node": {
      "version": "7.0.12",
      "resolved": "https://registry.npmjs.org/@types/node/-/node-7.0.12.tgz",
      "integrity": "sha1-rl9noZwV91IUgATbB8u7Ny5p78k=",
      "dev": true
    },
    "add-asset-html-webpack-plugin": {
      "version": "1.0.2",
      "resolved": "https://registry.npmjs.org/add-asset-html-webpack-plugin/-/add-asset-html-webpack-plugin-1.0.2.tgz",
      "integrity": "sha1-8idIY1+7J3JNVNjyzR3tsrzRjNA=",
      "dev": true
    },
    "angular2-cookie": {
      "version": "1.2.6",
      "resolved": "https://registry.npmjs.org/angular2-cookie/-/angular2-cookie-1.2.6.tgz",
      "integrity": "sha1-j6hFUx53etsEL+LzOcAED23b8J0="
    },
    "angular2-infinite-scroll": {
      "version": "0.3.43",
      "resolved": "https://registry.npmjs.org/angular2-infinite-scroll/-/angular2-infinite-scroll-0.3.43.tgz",
      "integrity": "sha1-9yBcIo0N6KLfVgCJWGsO9/VxwLY="
    },
    "angular2-template-loader": {
      "version": "0.6.2",
      "resolved": "https://registry.npmjs.org/angular2-template-loader/-/angular2-template-loader-0.6.2.tgz",
      "integrity": "sha1-wNROkP/w+sleiyPwQ6zaf9HFHXw=",
      "dev": true,
      "dependencies": {
        "loader-utils": {
          "version": "0.2.17",
          "resolved": "https://registry.npmjs.org/loader-utils/-/loader-utils-0.2.17.tgz",
          "integrity": "sha1-+G5jdNQyBabmxg6RlvF8Apm/s0g="
        }
      }
    },
    "angular2-toaster": {
      "version": "4.0.2",
      "resolved": "https://registry.npmjs.org/angular2-toaster/-/angular2-toaster-4.0.2.tgz",
      "integrity": "sha512-/ndYYbV/7WZx6ujm6avFUqfb+FKbrx7oT+3mYj8i0o9N26Ug+BseFjy6oRnlVVedl39yRP6hhea81QgKmoYbbQ=="
    },
    "awesome-typescript-loader": {
      "version": "3.1.2",
      "resolved": "https://registry.npmjs.org/awesome-typescript-loader/-/awesome-typescript-loader-3.1.2.tgz",
      "integrity": "sha1-PfGSuRpihfeVymXmOq0RT7tE9xA=",
      "dev": true
    },
    "bootstrap": {
      "version": "4.0.0-alpha.6",
      "resolved": "https://registry.npmjs.org/bootstrap/-/bootstrap-4.0.0-alpha.6.tgz",
      "integrity": "sha1-T1TdM6wN6sOyhAe8LffsYIhpycg="
    },
    "browser-sync": {
      "version": "2.18.8",
      "resolved": "https://registry.npmjs.org/browser-sync/-/browser-sync-2.18.8.tgz",
      "integrity": "sha1-L7TeJTeY18+4Oa+5wvgBloSQzsI=",
      "dev": true,
      "dependencies": {
        "batch": {
          "version": "0.5.3",
          "resolved": "https://registry.npmjs.org/batch/-/batch-0.5.3.tgz",
          "integrity": "sha1-PzQU84AyF0O/wQQvmoP/HVgk1GQ="
        },
        "camelcase": {
          "version": "3.0.0",
          "resolved": "https://registry.npmjs.org/camelcase/-/camelcase-3.0.0.tgz",
          "integrity": "sha1-MvxLn82vhF/N9+c7uXysImHwqwo="
        },
        "chokidar": {
          "version": "1.6.1",
          "resolved": "https://registry.npmjs.org/chokidar/-/chokidar-1.6.1.tgz",
          "integrity": "sha1-L0RHq16W5Q+z14n9kNTHLg5McMI="
        },
        "debug": {
          "version": "2.2.0",
          "resolved": "https://registry.npmjs.org/debug/-/debug-2.2.0.tgz",
          "integrity": "sha1-+HBX6ZWxofauaklgZkE3vFbwOdo="
        },
        "etag": {
          "version": "1.7.0",
          "resolved": "https://registry.npmjs.org/etag/-/etag-1.7.0.tgz",
          "integrity": "sha1-A9MLX2fdbmMtKUXTDWZScxo01dg="
        },
        "fresh": {
          "version": "0.3.0",
          "resolved": "https://registry.npmjs.org/fresh/-/fresh-0.3.0.tgz",
          "integrity": "sha1-ZR+DjiJCTnVm3hYdg1jKoZn4PU8="
        },
        "fs-extra": {
          "version": "1.0.0",
          "resolved": "https://registry.npmjs.org/fs-extra/-/fs-extra-1.0.0.tgz",
          "integrity": "sha1-zTzl9+fLYUWIP8rjGR6Yd/hYeVA="
        },
        "http-errors": {
          "version": "1.5.1",
          "resolved": "https://registry.npmjs.org/http-errors/-/http-errors-1.5.1.tgz",
          "integrity": "sha1-eIwNLB3iyBuebowBhDtrl+uSB1A="
        },
        "http-proxy": {
          "version": "1.15.2",
          "resolved": "https://registry.npmjs.org/http-proxy/-/http-proxy-1.15.2.tgz",
          "integrity": "sha1-ZC/cr/5S00SNK9o7AHnpQJBk2jE="
        },
        "is-fullwidth-code-point": {
          "version": "1.0.0",
          "resolved": "https://registry.npmjs.org/is-fullwidth-code-point/-/is-fullwidth-code-point-1.0.0.tgz",
          "integrity": "sha1-754xOG8DGn8NZDr4L95QxFfvAMs="
        },
        "mime": {
          "version": "1.3.4",
          "resolved": "https://registry.npmjs.org/mime/-/mime-1.3.4.tgz",
          "integrity": "sha1-EV+eO2s9rylZmDyzjxSaLUDrXVM="
        },
        "ms": {
          "version": "0.7.1",
          "resolved": "https://registry.npmjs.org/ms/-/ms-0.7.1.tgz",
          "integrity": "sha1-nNE8A62/8ltl7/3nzoZO6VIBcJg="
        },
        "qs": {
          "version": "6.2.1",
          "resolved": "https://registry.npmjs.org/qs/-/qs-6.2.1.tgz",
          "integrity": "sha1-zgPF/wk1vB2daanxTL0Y5WjWdiU="
        },
        "send": {
          "version": "0.14.1",
          "resolved": "https://registry.npmjs.org/send/-/send-0.14.1.tgz",
          "integrity": "sha1-qVSYQyU5L1FTKndgdg5FlZjIn3o="
        },
        "serve-index": {
          "version": "1.8.0",
          "resolved": "https://registry.npmjs.org/serve-index/-/serve-index-1.8.0.tgz",
          "integrity": "sha1-fF2WwT+xMRAfk8HFd0+FFqHnjTs="
        },
        "serve-static": {
          "version": "1.11.1",
          "resolved": "https://registry.npmjs.org/serve-static/-/serve-static-1.11.1.tgz",
          "integrity": "sha1-1sznaTUF9zPHWd5Xvvwa92wPCAU="
        },
        "setprototypeof": {
          "version": "1.0.2",
          "resolved": "https://registry.npmjs.org/setprototypeof/-/setprototypeof-1.0.2.tgz",
          "integrity": "sha1-gaVSFB7BBLiOic44MQOtXGZWTQg="
        },
        "string-width": {
          "version": "1.0.2",
          "resolved": "https://registry.npmjs.org/string-width/-/string-width-1.0.2.tgz",
          "integrity": "sha1-EYvfW4zcUaKn5w0hHgfisLmxB9M="
        },
        "window-size": {
          "version": "0.2.0",
          "resolved": "https://registry.npmjs.org/window-size/-/window-size-0.2.0.tgz",
          "integrity": "sha1-tDFbtCFKPXBY6+7okuE/ok2YsHU="
        },
        "yargs": {
          "version": "6.4.0",
          "resolved": "https://registry.npmjs.org/yargs/-/yargs-6.4.0.tgz",
          "integrity": "sha1-gW4ahm1VmMzzTlWW3c4i2S2kkNQ="
        },
        "yargs-parser": {
          "version": "4.2.1",
          "resolved": "https://registry.npmjs.org/yargs-parser/-/yargs-parser-4.2.1.tgz",
          "integrity": "sha1-KczqwNxPA8bIe0qfIX3RjJ90hxw="
        }
      }
    },
    "browser-sync-webpack-plugin": {
      "version": "1.1.4",
      "resolved": "https://registry.npmjs.org/browser-sync-webpack-plugin/-/browser-sync-webpack-plugin-1.1.4.tgz",
      "integrity": "sha1-rTwPejvS0+f4fNw3juk+e+ICbYk=",
      "dev": true
    },
    "codelyzer": {
      "version": "2.1.1",
      "resolved": "https://registry.npmjs.org/codelyzer/-/codelyzer-2.1.1.tgz",
      "integrity": "sha1-BXPH+NpKwqRHOwBCgH97kB3siwo=",
      "dev": true
    },
    "copy-webpack-plugin": {
      "version": "4.0.0",
      "resolved": "https://registry.npmjs.org/copy-webpack-plugin/-/copy-webpack-plugin-4.0.0.tgz",
      "integrity": "sha1-OF5/je65k/bUi5+YVNUDkZEmM64=",
      "dev": true,
      "dependencies": {
        "bluebird": {
          "version": "2.11.0",
          "resolved": "https://registry.npmjs.org/bluebird/-/bluebird-2.11.0.tgz",
          "integrity": "sha1-U0uQM8AiyVecVro7Plpcqvu2UOE="
        },
        "fs-extra": {
          "version": "0.26.7",
          "resolved": "https://registry.npmjs.org/fs-extra/-/fs-extra-0.26.7.tgz",
          "integrity": "sha1-muH92UiXeY7at20JGM9C0MMYT6k="
        },
        "glob": {
          "version": "6.0.4",
          "resolved": "https://registry.npmjs.org/glob/-/glob-6.0.4.tgz",
          "integrity": "sha1-DwiGD2oVUSey+t1PnOJLGqtuTSI="
        },
        "loader-utils": {
          "version": "0.2.17",
          "resolved": "https://registry.npmjs.org/loader-utils/-/loader-utils-0.2.17.tgz",
          "integrity": "sha1-+G5jdNQyBabmxg6RlvF8Apm/s0g="
        }
      }
    },
    "core-js": {
      "version": "2.4.1",
      "resolved": "https://registry.npmjs.org/core-js/-/core-js-2.4.1.tgz",
      "integrity": "sha1-TekR5mew6ukSTjQlS1OupvxhjT4="
    },
    "css-loader": {
      "version": "0.28.0",
      "resolved": "https://registry.npmjs.org/css-loader/-/css-loader-0.28.0.tgz",
      "integrity": "sha1-QXz6l4n4zeWaMMy/Pk2nqAaIm60=",
      "dev": true
    },
    "del": {
      "version": "2.2.2",
      "resolved": "https://registry.npmjs.org/del/-/del-2.2.2.tgz",
      "integrity": "sha1-wSyYHQZ4RshLyvhiz/kw2Qf/0ag=",
      "dev": true
    },
    "event-stream": {
      "version": "3.3.4",
      "resolved": "https://registry.npmjs.org/event-stream/-/event-stream-3.3.4.tgz",
      "integrity": "sha1-SrTJoPWlTbkzi0w02Gv86PSzVXE=",
      "dev": true,
      "dependencies": {
        "map-stream": {
          "version": "0.1.0",
          "resolved": "https://registry.npmjs.org/map-stream/-/map-stream-0.1.0.tgz",
          "integrity": "sha1-5WqpTEyAVaFkBKBnS3jyFffI4ZQ="
        }
      }
    },
    "exports-loader": {
      "version": "0.6.4",
      "resolved": "https://registry.npmjs.org/exports-loader/-/exports-loader-0.6.4.tgz",
      "integrity": "sha1-1w/GEhl1s1/BKDDPUnVL4nQPyIY=",
      "dev": true
    },
    "extract-text-webpack-plugin": {
      "version": "2.1.0",
      "resolved": "https://registry.npmjs.org/extract-text-webpack-plugin/-/extract-text-webpack-plugin-2.1.0.tgz",
      "integrity": "sha1-aTFbiF+Hbb+W04Gfap8cynrr8Vk=",
      "dev": true
    },
    "file-loader": {
      "version": "0.11.1",
      "resolved": "https://registry.npmjs.org/file-loader/-/file-loader-0.11.1.tgz",
      "integrity": "sha1-azKO4SNKcp5OR9Njdd1tNcDh24Q=",
      "dev": true
    },
    "font-awesome": {
      "version": "4.7.0",
      "resolved": "https://registry.npmjs.org/font-awesome/-/font-awesome-4.7.0.tgz",
      "integrity": "sha1-j6jPBBGhoxr9B7BtKQK7n8gVoTM="
    },
    "generator-jhipster": {
      "version": "4.5.2",
      "resolved": "https://registry.npmjs.org/generator-jhipster/-/generator-jhipster-4.5.2.tgz",
      "integrity": "sha1-3623Jshr7wnGf8jnMKZk0Pq0uWQ=",
      "dev": true,
      "dependencies": {
        "esprima": {
          "version": "3.1.3",
          "resolved": "https://registry.npmjs.org/esprima/-/esprima-3.1.3.tgz",
          "integrity": "sha1-/cpRzuYTOJXjyI1TXOSdv/YqRjM="
        },
        "glob": {
          "version": "7.1.1",
          "resolved": "https://registry.npmjs.org/glob/-/glob-7.1.1.tgz",
          "integrity": "sha1-gFIR3wT6rxxjo2ADBs31reULLsg="
        },
        "js-yaml": {
          "version": "3.8.3",
          "resolved": "https://registry.npmjs.org/js-yaml/-/js-yaml-3.8.3.tgz",
          "integrity": "sha1-M6BexIHIUMiHWSkWb+G+thxyh2Y="
        }
      }
    },
    "html-loader": {
      "version": "0.4.5",
      "resolved": "https://registry.npmjs.org/html-loader/-/html-loader-0.4.5.tgz",
      "integrity": "sha1-X7zYfNY6XEmn/OL+VvQl4Fcpxow=",
      "dev": true
    },
    "html-webpack-plugin": {
      "version": "2.28.0",
      "resolved": "https://registry.npmjs.org/html-webpack-plugin/-/html-webpack-plugin-2.28.0.tgz",
      "integrity": "sha1-LnhjtX5f1I/iYzA+L/yTTDBk0Ak=",
      "dev": true,
      "dependencies": {
        "loader-utils": {
          "version": "0.2.17",
          "resolved": "https://registry.npmjs.org/loader-utils/-/loader-utils-0.2.17.tgz",
          "integrity": "sha1-+G5jdNQyBabmxg6RlvF8Apm/s0g="
        }
      }
    },
    "jasmine-core": {
      "version": "2.5.2",
      "resolved": "https://registry.npmjs.org/jasmine-core/-/jasmine-core-2.5.2.tgz",
      "integrity": "sha1-b2G9eQYeJ/Q+b5NV5Es8bKtv8pc=",
      "dev": true
    },
    "jquery": {
      "version": "3.2.1",
      "resolved": "https://registry.npmjs.org/jquery/-/jquery-3.2.1.tgz",
      "integrity": "sha1-XE2d5lKvbNCncBVKYxu6ErAVx4c="
    },
    "karma": {
      "version": "1.6.0",
      "resolved": "https://registry.npmjs.org/karma/-/karma-1.6.0.tgz",
      "integrity": "sha1-DocdRSfV6sVsQdGB8DxcCn5tvz4=",
      "dev": true,
      "dependencies": {
        "after": {
          "version": "0.8.2",
          "resolved": "https://registry.npmjs.org/after/-/after-0.8.2.tgz",
          "integrity": "sha1-/ts5T58OAqqXaOcCvaI7UF+ufh8="
        },
        "base64id": {
          "version": "1.0.0",
          "resolved": "https://registry.npmjs.org/base64id/-/base64id-1.0.0.tgz",
          "integrity": "sha1-R2iMuZu2gE8OBtPnY7HDLlfY5rY="
        },
        "component-emitter": {
          "version": "1.2.1",
          "resolved": "https://registry.npmjs.org/component-emitter/-/component-emitter-1.2.1.tgz",
          "integrity": "sha1-E3kY1teCg/ffemt8WmPhQOaUJeY="
        },
        "connect": {
          "version": "3.6.2",
          "resolved": "https://registry.npmjs.org/connect/-/connect-3.6.2.tgz",
          "integrity": "sha1-aU6NIGgb/kkCgsiriGvpjwn0L+c="
        },
        "debug": {
          "version": "2.6.7",
          "resolved": "https://registry.npmjs.org/debug/-/debug-2.6.7.tgz",
          "integrity": "sha1-krrR9tBbu2u6Isyoi80OyJTChh4="
        },
        "engine.io": {
          "version": "1.8.3",
          "resolved": "https://registry.npmjs.org/engine.io/-/engine.io-1.8.3.tgz",
          "integrity": "sha1-jef5eJXSDTm4X4ju7nd7K9QrE9Q=",
          "dependencies": {
            "debug": {
              "version": "2.3.3",
              "resolved": "https://registry.npmjs.org/debug/-/debug-2.3.3.tgz",
              "integrity": "sha1-QMRT5n5uE8kB3ewxeviYbNqe/4w="
            },
            "ms": {
              "version": "0.7.2",
              "resolved": "https://registry.npmjs.org/ms/-/ms-0.7.2.tgz",
              "integrity": "sha1-riXPJRKziFodldfwN4aNhDESR2U="
            }
          }
        },
        "engine.io-client": {
          "version": "1.8.3",
          "resolved": "https://registry.npmjs.org/engine.io-client/-/engine.io-client-1.8.3.tgz",
          "integrity": "sha1-F5jtk0USRkU9TG9jXXogH+lA1as=",
          "dependencies": {
            "debug": {
              "version": "2.3.3",
              "resolved": "https://registry.npmjs.org/debug/-/debug-2.3.3.tgz",
              "integrity": "sha1-QMRT5n5uE8kB3ewxeviYbNqe/4w="
            },
            "ms": {
              "version": "0.7.2",
              "resolved": "https://registry.npmjs.org/ms/-/ms-0.7.2.tgz",
              "integrity": "sha1-riXPJRKziFodldfwN4aNhDESR2U="
            }
          }
        },
        "engine.io-parser": {
          "version": "1.3.2",
          "resolved": "https://registry.npmjs.org/engine.io-parser/-/engine.io-parser-1.3.2.tgz",
          "integrity": "sha1-k3sHnwAH0Ik+xW1GyyILjLQ1Igo="
        },
        "lodash": {
          "version": "3.10.1",
          "resolved": "https://registry.npmjs.org/lodash/-/lodash-3.10.1.tgz",
          "integrity": "sha1-W/Rejkm6QYnhfUgnid/RW9FAt7Y="
        },
        "object-assign": {
          "version": "4.1.0",
          "resolved": "https://registry.npmjs.org/object-assign/-/object-assign-4.1.0.tgz",
          "integrity": "sha1-ejs9DpgGPUP0wD8uiubNUahog6A="
        },
        "optimist": {
          "version": "0.6.1",
          "resolved": "https://registry.npmjs.org/optimist/-/optimist-0.6.1.tgz",
          "integrity": "sha1-2j6nRob6IaGaERwybpDrFaAZZoY="
        },
        "socket.io": {
          "version": "1.7.3",
          "resolved": "https://registry.npmjs.org/socket.io/-/socket.io-1.7.3.tgz",
          "integrity": "sha1-uK+cq6AJSeVo42nxMn6pvp6iRhs=",
          "dependencies": {
            "debug": {
              "version": "2.3.3",
              "resolved": "https://registry.npmjs.org/debug/-/debug-2.3.3.tgz",
              "integrity": "sha1-QMRT5n5uE8kB3ewxeviYbNqe/4w="
            },
            "ms": {
              "version": "0.7.2",
              "resolved": "https://registry.npmjs.org/ms/-/ms-0.7.2.tgz",
              "integrity": "sha1-riXPJRKziFodldfwN4aNhDESR2U="
            }
          }
        },
        "socket.io-client": {
          "version": "1.7.3",
          "resolved": "https://registry.npmjs.org/socket.io-client/-/socket.io-client-1.7.3.tgz",
          "integrity": "sha1-sw6GqhDV7zVGYBwJzeR2Xjgdo3c=",
          "dependencies": {
            "debug": {
              "version": "2.3.3",
              "resolved": "https://registry.npmjs.org/debug/-/debug-2.3.3.tgz",
              "integrity": "sha1-QMRT5n5uE8kB3ewxeviYbNqe/4w="
            },
            "ms": {
              "version": "0.7.2",
              "resolved": "https://registry.npmjs.org/ms/-/ms-0.7.2.tgz",
              "integrity": "sha1-riXPJRKziFodldfwN4aNhDESR2U="
            }
          }
        },
        "ws": {
          "version": "1.1.2",
          "resolved": "https://registry.npmjs.org/ws/-/ws-1.1.2.tgz",
          "integrity": "sha1-iiRPoFJAHgjJiGz0SoUYnh/UBn8="
        }
      }
    },
    "karma-chrome-launcher": {
      "version": "2.0.0",
      "resolved": "https://registry.npmjs.org/karma-chrome-launcher/-/karma-chrome-launcher-2.0.0.tgz",
      "integrity": "sha1-wnkMWjKxVXfQ//Wk1aJwOztDnCU=",
      "dev": true
    },
    "karma-coverage": {
      "version": "1.1.1",
      "resolved": "https://registry.npmjs.org/karma-coverage/-/karma-coverage-1.1.1.tgz",
      "integrity": "sha1-Wv+LOc9plNwi3kyENix2ABtjfPY=",
      "dev": true,
      "dependencies": {
        "dateformat": {
          "version": "1.0.12",
          "resolved": "https://registry.npmjs.org/dateformat/-/dateformat-1.0.12.tgz",
          "integrity": "sha1-nxJLZ1lMk3/3BpMuSmQsyo27/uk="
        },
        "lodash": {
          "version": "3.10.1",
          "resolved": "https://registry.npmjs.org/lodash/-/lodash-3.10.1.tgz",
          "integrity": "sha1-W/Rejkm6QYnhfUgnid/RW9FAt7Y="
        }
      }
    },
    "karma-intl-shim": {
      "version": "1.0.3",
      "resolved": "https://registry.npmjs.org/karma-intl-shim/-/karma-intl-shim-1.0.3.tgz",
      "integrity": "sha1-8Hq4a2RKfCwqMpnzjUDtSa9+wPA=",
      "dev": true
    },
    "karma-jasmine": {
      "version": "1.1.0",
      "resolved": "https://registry.npmjs.org/karma-jasmine/-/karma-jasmine-1.1.0.tgz",
      "integrity": "sha1-IuTAa/mhguUpTR9wXjczgRuBCs8=",
      "dev": true
    },
    "karma-junit-reporter": {
      "version": "1.2.0",
      "resolved": "https://registry.npmjs.org/karma-junit-reporter/-/karma-junit-reporter-1.2.0.tgz",
      "integrity": "sha1-T5xAzt+xo5X4rvh2q/lhiZF8Y5Y=",
      "dev": true
    },
    "karma-notify-reporter": {
      "version": "1.0.1",
      "resolved": "https://registry.npmjs.org/karma-notify-reporter/-/karma-notify-reporter-1.0.1.tgz",
      "integrity": "sha1-2b+0UrxTU2cUO25gMl3UAPSfIMg=",
      "dev": true
    },
    "karma-phantomjs-launcher": {
      "version": "1.0.4",
      "resolved": "https://registry.npmjs.org/karma-phantomjs-launcher/-/karma-phantomjs-launcher-1.0.4.tgz",
      "integrity": "sha1-0jyjSAG9qYY60xjju0vUBisTrNI=",
      "dev": true
    },
    "karma-remap-istanbul": {
      "version": "0.6.0",
      "resolved": "https://registry.npmjs.org/karma-remap-istanbul/-/karma-remap-istanbul-0.6.0.tgz",
      "integrity": "sha1-l/O3cAZSVPm0ck8tm+SjouG69vw=",
      "dev": true
    },
    "karma-sourcemap-loader": {
      "version": "0.3.7",
      "resolved": "https://registry.npmjs.org/karma-sourcemap-loader/-/karma-sourcemap-loader-0.3.7.tgz",
      "integrity": "sha1-kTIsd/jxPUb+0GKwQuEAnUxFBdg=",
      "dev": true
    },
    "karma-webpack": {
      "version": "2.0.3",
      "resolved": "https://registry.npmjs.org/karma-webpack/-/karma-webpack-2.0.3.tgz",
      "integrity": "sha1-Oc6/XKJYATmyf5rmm3iBa5yC+uY=",
      "dev": true,
      "dependencies": {
        "async": {
          "version": "0.9.2",
          "resolved": "https://registry.npmjs.org/async/-/async-0.9.2.tgz",
          "integrity": "sha1-rqdNXmHB+JlhO/ZL2mbUx48v0X0="
        },
        "loader-utils": {
          "version": "0.2.17",
          "resolved": "https://registry.npmjs.org/loader-utils/-/loader-utils-0.2.17.tgz",
          "integrity": "sha1-+G5jdNQyBabmxg6RlvF8Apm/s0g="
        },
        "lodash": {
          "version": "3.10.1",
          "resolved": "https://registry.npmjs.org/lodash/-/lodash-3.10.1.tgz",
          "integrity": "sha1-W/Rejkm6QYnhfUgnid/RW9FAt7Y="
        },
        "source-map": {
          "version": "0.1.43",
          "resolved": "https://registry.npmjs.org/source-map/-/source-map-0.1.43.tgz",
          "integrity": "sha1-wkvBRspRfBRx9drL4lcbK3+eM0Y="
        }
      }
    },
    "lazypipe": {
      "version": "1.0.1",
      "resolved": "https://registry.npmjs.org/lazypipe/-/lazypipe-1.0.1.tgz",
      "integrity": "sha1-FHGu9rN6NA1Rw030Rpnc7wZMGUA=",
      "dev": true
    },
    "lodash": {
      "version": "4.17.19",
      "resolved": "https://registry.npmjs.org/lodash/-/lodash-4.17.19.tgz",
      "integrity": "sha512-JNvd8XER9GQX0v2qJgsaN/mzFCNA5BRe/j8JN9d+tWyGLSodKQHKFicdwNYzWwI3wjRnaKPsGj1XkBjx/F96DQ==",
      "dev": true
    },
    "map-stream": {
      "version": "0.0.7",
      "resolved": "https://registry.npmjs.org/map-stream/-/map-stream-0.0.7.tgz",
      "integrity": "sha1-ih8HiW2CsQkmvTdEokIACfiJdKg=",
      "dev": true
    },
    "ng-jhipster": {
      "version": "0.1.18",
      "resolved": "https://registry.npmjs.org/ng-jhipster/-/ng-jhipster-0.1.18.tgz",
      "integrity": "sha1-DLshFl7zVzuAi01t5947n47c5DY="
    },
    "ng2-webstorage": {
      "version": "1.8.0",
      "resolved": "https://registry.npmjs.org/ng2-webstorage/-/ng2-webstorage-1.8.0.tgz",
      "integrity": "sha1-ArrF8pzswrek3+oX2c68cg7fa0k="
    },
    "node-sass": {
      "version": "4.5.0",
      "resolved": "https://registry.npmjs.org/node-sass/-/node-sass-4.5.0.tgz",
      "integrity": "sha1-Uy43utDOWHNIyDFTXbyY6kKJUIs=",
      "dev": true
    },
    "phantomjs-prebuilt": {
      "version": "2.1.14",
      "resolved": "https://registry.npmjs.org/phantomjs-prebuilt/-/phantomjs-prebuilt-2.1.14.tgz",
      "integrity": "sha1-1T0xH8+30dCN2yQBRVjxGIxRbaA=",
      "dev": true,
      "dependencies": {
        "caseless": {
          "version": "0.11.0",
          "resolved": "https://registry.npmjs.org/caseless/-/caseless-0.11.0.tgz",
          "integrity": "sha1-cVuW6phBWTzDMGeSP17GDr2k99c="
        },
        "fs-extra": {
          "version": "1.0.0",
          "resolved": "https://registry.npmjs.org/fs-extra/-/fs-extra-1.0.0.tgz",
          "integrity": "sha1-zTzl9+fLYUWIP8rjGR6Yd/hYeVA="
        },
        "har-validator": {
          "version": "2.0.6",
          "resolved": "https://registry.npmjs.org/har-validator/-/har-validator-2.0.6.tgz",
          "integrity": "sha1-zcvAgYgmWtEZtqWnyKtw7s+10n0="
        },
        "qs": {
          "version": "6.3.2",
          "resolved": "https://registry.npmjs.org/qs/-/qs-6.3.2.tgz",
          "integrity": "sha1-51vV9uJoEioqDgvaYwslUMFmUCw="
        },
        "request": {
          "version": "2.79.0",
          "resolved": "https://registry.npmjs.org/request/-/request-2.79.0.tgz",
          "integrity": "sha1-Tf5b9r6LjNw3/Pk+BLZVd3InEN4="
        },
        "tunnel-agent": {
          "version": "0.4.3",
          "resolved": "https://registry.npmjs.org/tunnel-agent/-/tunnel-agent-0.4.3.tgz",
          "integrity": "sha1-Y3PbdpCf5XDgjXNYM2Xtgop07us="
        }
      }
    },
    "postcss-loader": {
      "version": "1.3.0",
      "resolved": "https://registry.npmjs.org/postcss-loader/-/postcss-loader-1.3.0.tgz",
      "integrity": "sha1-sHPUJc0mD7AoH1yb5M7wcGmOuNI=",
      "dev": true,
      "dependencies": {
        "loader-utils": {
          "version": "0.2.17",
          "resolved": "https://registry.npmjs.org/loader-utils/-/loader-utils-0.2.17.tgz",
          "integrity": "sha1-+G5jdNQyBabmxg6RlvF8Apm/s0g="
        }
      }
    },
    "proxy-middleware": {
      "version": "0.15.0",
      "resolved": "https://registry.npmjs.org/proxy-middleware/-/proxy-middleware-0.15.0.tgz",
      "integrity": "sha1-o/3xvvtzD5UZZYcqwvYHTGFHelY=",
      "dev": true
    },
    "reflect-metadata": {
      "version": "0.1.10",
      "resolved": "https://registry.npmjs.org/reflect-metadata/-/reflect-metadata-0.1.10.tgz",
      "integrity": "sha1-tPg3BEFqytiZiMmxVjXUfgO5NEo="
    },
    "rimraf": {
      "version": "2.6.1",
      "resolved": "https://registry.npmjs.org/rimraf/-/rimraf-2.6.1.tgz",
      "integrity": "sha1-wjOOxkPfeht/5cVPqG9XQopV8z0=",
      "dev": true
    },
    "run-sequence": {
      "version": "1.2.2",
      "resolved": "https://registry.npmjs.org/run-sequence/-/run-sequence-1.2.2.tgz",
      "integrity": "sha1-UJWgvr6YczsBQL0I3YDsAw3azes=",
      "dev": true
    },
    "rxjs": {
      "version": "5.4.1",
      "resolved": "https://registry.npmjs.org/rxjs/-/rxjs-5.4.1.tgz",
      "integrity": "sha1-ti91fyeURdJloYpY+wpw3JDpFiY="
    },
    "sass-loader": {
      "version": "5.0.1",
      "resolved": "https://registry.npmjs.org/sass-loader/-/sass-loader-5.0.1.tgz",
      "integrity": "sha1-SqgvRCQqvmLtj9zSjWMxo07yfC0=",
      "dev": true,
      "dependencies": {
        "loader-utils": {
          "version": "0.2.17",
          "resolved": "https://registry.npmjs.org/loader-utils/-/loader-utils-0.2.17.tgz",
          "integrity": "sha1-+G5jdNQyBabmxg6RlvF8Apm/s0g="
        }
      }
    },
    "sourcemap-istanbul-instrumenter-loader": {
      "version": "0.2.0",
      "resolved": "https://registry.npmjs.org/sourcemap-istanbul-instrumenter-loader/-/sourcemap-istanbul-instrumenter-loader-0.2.0.tgz",
      "integrity": "sha1-j9cuir0W3tWJGKdHTbW7PQ27ys0=",
      "dev": true,
      "dependencies": {
        "loader-utils": {
          "version": "0.2.17",
          "resolved": "https://registry.npmjs.org/loader-utils/-/loader-utils-0.2.17.tgz",
          "integrity": "sha1-+G5jdNQyBabmxg6RlvF8Apm/s0g="
        }
      }
    },
    "string-replace-webpack-plugin": {
      "version": "0.1.3",
      "resolved": "https://registry.npmjs.org/string-replace-webpack-plugin/-/string-replace-webpack-plugin-0.1.3.tgz",
      "integrity": "sha1-c8ZX51nWbP6Arh4M8JGqJW0OcVw=",
      "dev": true,
      "dependencies": {
        "async": {
          "version": "0.2.10",
          "resolved": "https://registry.npmjs.org/async/-/async-0.2.10.tgz",
          "integrity": "sha1-trvgsGdLnXGXCMo43owjfLUmw9E="
        },
        "css-loader": {
          "version": "0.9.1",
          "resolved": "https://registry.npmjs.org/css-loader/-/css-loader-0.9.1.tgz",
          "integrity": "sha1-LhqgDOfjDvLGp6SzAKCAp8l54Nw="
        },
        "csso": {
          "version": "1.3.12",
          "resolved": "https://registry.npmjs.org/csso/-/csso-1.3.12.tgz",
          "integrity": "sha1-/GKGlKLTiTiqrEmWdTIY/TEc254="
        },
        "file-loader": {
          "version": "0.8.5",
          "resolved": "https://registry.npmjs.org/file-loader/-/file-loader-0.8.5.tgz",
          "integrity": "sha1-knXQMf54DyfUf19K8CvUNxPMFRs="
        },
        "loader-utils": {
          "version": "0.2.17",
          "resolved": "https://registry.npmjs.org/loader-utils/-/loader-utils-0.2.17.tgz",
          "integrity": "sha1-+G5jdNQyBabmxg6RlvF8Apm/s0g="
        },
        "source-map": {
          "version": "0.1.43",
          "resolved": "https://registry.npmjs.org/source-map/-/source-map-0.1.43.tgz",
          "integrity": "sha1-wkvBRspRfBRx9drL4lcbK3+eM0Y="
        },
        "style-loader": {
          "version": "0.8.3",
          "resolved": "https://registry.npmjs.org/style-loader/-/style-loader-0.8.3.tgz",
          "integrity": "sha1-9Pkut9tjdodI8VBlzWcA9aHIU1c="
        }
      }
    },
    "style-loader": {
      "version": "0.16.1",
      "resolved": "https://registry.npmjs.org/style-loader/-/style-loader-0.16.1.tgz",
      "integrity": "sha1-UOMlJY1OeEId2WgGNrQehmFZXRA=",
      "dev": true
    },
    "swagger-ui": {
      "version": "2.2.10",
      "resolved": "https://registry.npmjs.org/swagger-ui/-/swagger-ui-2.2.10.tgz",
      "integrity": "sha1-sl56IWZOXZC/OR2zDbCN5B6FLXs="
    },
    "tether": {
      "version": "1.4.0",
      "resolved": "https://registry.npmjs.org/tether/-/tether-1.4.0.tgz",
      "integrity": "sha1-D5+hcfdb9YSF2BSelHmdeudNHBo="
    },
    "to-string-loader": {
      "version": "1.1.5",
      "resolved": "https://registry.npmjs.org/to-string-loader/-/to-string-loader-1.1.5.tgz",
      "integrity": "sha1-e3qheJG3u0lHp6Eb+wO1/enG5pU=",
      "dev": true,
      "dependencies": {
        "loader-utils": {
          "version": "0.2.17",
          "resolved": "https://registry.npmjs.org/loader-utils/-/loader-utils-0.2.17.tgz",
          "integrity": "sha1-+G5jdNQyBabmxg6RlvF8Apm/s0g="
        }
      }
    },
    "tsickle": {
      "version": "0.21.6",
      "resolved": "https://registry.npmjs.org/tsickle/-/tsickle-0.21.6.tgz",
      "integrity": "sha1-U7Abl5xcE/2xOvs/uVgXflmRWI0=",
      "dev": true,
      "dependencies": {
        "minimist": {
          "version": "1.2.0",
          "resolved": "https://registry.npmjs.org/minimist/-/minimist-1.2.0.tgz",
          "integrity": "sha1-o1AIsg9BOD7sH7kU9M1d95omQoQ="
        }
      }
    },
    "tslint": {
      "version": "4.5.1",
      "resolved": "https://registry.npmjs.org/tslint/-/tslint-4.5.1.tgz",
      "integrity": "sha1-BTVocb7yOkNJBnNABvwYgza6gks=",
      "dev": true,
      "dependencies": {
        "boxen": {
          "version": "1.1.0",
          "resolved": "https://registry.npmjs.org/boxen/-/boxen-1.1.0.tgz",
          "integrity": "sha1-sbad1SIwXoB6md7ud329blFnsQI="
        },
        "camelcase": {
          "version": "4.1.0",
          "resolved": "https://registry.npmjs.org/camelcase/-/camelcase-4.1.0.tgz",
          "integrity": "sha1-1UVjW+HjPFQmScaRc+Xeas+uNN0="
        },
        "configstore": {
          "version": "3.1.0",
          "resolved": "https://registry.npmjs.org/configstore/-/configstore-3.1.0.tgz",
          "integrity": "sha1-Rd+QcHPibfoc9LLVL1tgVF6qEdE="
        },
        "dot-prop": {
          "version": "4.1.1",
          "resolved": "https://registry.npmjs.org/dot-prop/-/dot-prop-4.1.1.tgz",
          "integrity": "sha1-qEk/C3te7sglJbXHWH+n3nyoWcE="
        },
        "latest-version": {
          "version": "3.1.0",
          "resolved": "https://registry.npmjs.org/latest-version/-/latest-version-3.1.0.tgz",
          "integrity": "sha1-ogU4P+oyKzO1rjsYq+4NwvNW7hU="
        },
        "optimist": {
          "version": "0.6.1",
          "resolved": "https://registry.npmjs.org/optimist/-/optimist-0.6.1.tgz",
          "integrity": "sha1-2j6nRob6IaGaERwybpDrFaAZZoY="
        },
        "package-json": {
          "version": "4.0.1",
          "resolved": "https://registry.npmjs.org/package-json/-/package-json-4.0.1.tgz",
          "integrity": "sha1-iGmgQBJTZhxMTKPabCEh7VVfXu0="
        },
        "update-notifier": {
          "version": "2.2.0",
          "resolved": "https://registry.npmjs.org/update-notifier/-/update-notifier-2.2.0.tgz",
          "integrity": "sha1-G1g3z5DAc22IYncytmHBOPht5y8="
        },
        "write-file-atomic": {
          "version": "2.1.0",
          "resolved": "https://registry.npmjs.org/write-file-atomic/-/write-file-atomic-2.1.0.tgz",
          "integrity": "sha512-0TZ20a+xcIl4u0+Mj5xDH2yOWdmQiXlKf9Hm+TgDXjTMsEYb+gDrmb8e8UNAzMCitX8NBqG4Z/FUQIyzv/R1JQ=="
        },
        "xdg-basedir": {
          "version": "3.0.0",
          "resolved": "https://registry.npmjs.org/xdg-basedir/-/xdg-basedir-3.0.0.tgz",
          "integrity": "sha1-SWsswQnsqNus/i3HK2A8F8WHCtQ="
        }
      }
    },
    "tslint-loader": {
      "version": "3.5.2",
      "resolved": "https://registry.npmjs.org/tslint-loader/-/tslint-loader-3.5.2.tgz",
      "integrity": "sha1-7y9RLAWpb7GiLZTDLSL7eXXvmRc=",
      "dev": true
    },
    "typescript": {
      "version": "2.2.2",
      "resolved": "https://registry.npmjs.org/typescript/-/typescript-2.2.2.tgz",
      "integrity": "sha1-YGAiUIR5tV/6NotY/uljoD39eww=",
      "dev": true
    },
    "webpack": {
      "version": "2.3.3",
      "resolved": "https://registry.npmjs.org/webpack/-/webpack-2.3.3.tgz",
      "integrity": "sha1-7swIPBj7e/lY6k9AtXpmQMWgzHg=",
      "dev": true,
      "dependencies": {
        "camelcase": {
          "version": "1.2.1",
          "resolved": "https://registry.npmjs.org/camelcase/-/camelcase-1.2.1.tgz",
          "integrity": "sha1-m7UwTS4LVmmLLHWLCKPqqdqlijk="
        },
        "cliui": {
          "version": "2.1.0",
          "resolved": "https://registry.npmjs.org/cliui/-/cliui-2.1.0.tgz",
          "integrity": "sha1-S0dXYP+AJkx2LDoXGQMukcf+oNE="
        },
        "loader-utils": {
          "version": "0.2.17",
          "resolved": "https://registry.npmjs.org/loader-utils/-/loader-utils-0.2.17.tgz",
          "integrity": "sha1-+G5jdNQyBabmxg6RlvF8Apm/s0g="
        },
        "source-list-map": {
          "version": "1.1.2",
          "resolved": "https://registry.npmjs.org/source-list-map/-/source-list-map-1.1.2.tgz",
          "integrity": "sha1-mIkBnRAkzOVc3AaUmDN+9hhqEaE="
        },
        "uglify-js": {
          "version": "2.8.28",
          "resolved": "https://registry.npmjs.org/uglify-js/-/uglify-js-2.8.28.tgz",
          "integrity": "sha512-WqKNbmNJKzIdIEQu/U2ytgGBbhCy2PVks94GoetczOAJ/zCgVu2CuO7gguI5KPFGPtUtI1dmPQl6h0D4cPzypA==",
          "dependencies": {
            "yargs": {
              "version": "3.10.0",
              "resolved": "https://registry.npmjs.org/yargs/-/yargs-3.10.0.tgz",
              "integrity": "sha1-9+572FfdfB0tOMDnTvvWgdFDH9E="
            }
          }
        },
        "webpack-sources": {
          "version": "0.2.3",
          "resolved": "https://registry.npmjs.org/webpack-sources/-/webpack-sources-0.2.3.tgz",
          "integrity": "sha1-F8Yr+vE8cH+dAsR54Nzd6DgGl/s="
        },
        "wordwrap": {
          "version": "0.0.2",
          "resolved": "https://registry.npmjs.org/wordwrap/-/wordwrap-0.0.2.tgz",
          "integrity": "sha1-t5Zpu0LstAn4PVg8rVLKF+qhZD8="
        }
      }
    },
    "webpack-dev-server": {
      "version": "2.4.2",
      "resolved": "https://registry.npmjs.org/webpack-dev-server/-/webpack-dev-server-2.4.2.tgz",
      "integrity": "sha1-z1lda0CHhFK20q1yKQVraG+KFr4=",
      "dev": true,
      "dependencies": {
        "faye-websocket": {
          "version": "0.11.1",
          "resolved": "https://registry.npmjs.org/faye-websocket/-/faye-websocket-0.11.1.tgz",
          "integrity": "sha1-8O/hjE9W5PQK/H4Gxxn9XuYYjzg="
        },
        "sockjs-client": {
          "version": "1.1.2",
          "resolved": "https://registry.npmjs.org/sockjs-client/-/sockjs-client-1.1.2.tgz",
          "integrity": "sha1-8CEqhVDkyUaMjM6u79LjSTwDOtU="
        }
      }
    },
    "webpack-merge": {
      "version": "4.1.0",
      "resolved": "https://registry.npmjs.org/webpack-merge/-/webpack-merge-4.1.0.tgz",
      "integrity": "sha1-atciI7PguDflMeRZfBmfkJNhUR4=",
      "dev": true
    },
    "webpack-notifier": {
      "version": "1.5.0",
      "resolved": "https://registry.npmjs.org/webpack-notifier/-/webpack-notifier-1.5.0.tgz",
      "integrity": "sha1-wBAAfUSM68NN78mezyiPpejGuvY=",
      "dev": true
    },
    "webpack-visualizer-plugin": {
      "version": "0.1.11",
      "resolved": "https://registry.npmjs.org/webpack-visualizer-plugin/-/webpack-visualizer-plugin-0.1.11.tgz",
      "integrity": "sha1-uHcK2GtPZSYSxosbeCJT+vn4o04=",
      "dev": true
    },
    "write-file-webpack-plugin": {
      "version": "3.4.2",
      "resolved": "https://registry.npmjs.org/write-file-webpack-plugin/-/write-file-webpack-plugin-3.4.2.tgz",
      "integrity": "sha1-Fvehu623gfpmGilg4xxJnwphubs=",
      "dev": true
    },
    "xml2js": {
      "version": "0.4.17",
      "resolved": "https://registry.npmjs.org/xml2js/-/xml2js-0.4.17.tgz",
      "integrity": "sha1-F76T6q4/O3eTWceVtBlwWogX6Gg=",
      "dev": true,
      "dependencies": {
        "xmlbuilder": {
          "version": "4.2.1",
          "resolved": "https://registry.npmjs.org/xmlbuilder/-/xmlbuilder-4.2.1.tgz",
          "integrity": "sha1-qlijBBoGb5DqoWwvU4n/GfP0YaU="
        }
      }
    },
    "yargs": {
      "version": "6.6.0",
      "resolved": "https://registry.npmjs.org/yargs/-/yargs-6.6.0.tgz",
      "integrity": "sha1-eC7CHvQDNF+DCoCMo9UTr1YGUgg=",
      "dev": true,
      "dependencies": {
        "camelcase": {
          "version": "3.0.0",
          "resolved": "https://registry.npmjs.org/camelcase/-/camelcase-3.0.0.tgz",
          "integrity": "sha1-MvxLn82vhF/N9+c7uXysImHwqwo="
        },
        "is-fullwidth-code-point": {
          "version": "1.0.0",
          "resolved": "https://registry.npmjs.org/is-fullwidth-code-point/-/is-fullwidth-code-point-1.0.0.tgz",
          "integrity": "sha1-754xOG8DGn8NZDr4L95QxFfvAMs="
        },
        "string-width": {
          "version": "1.0.2",
          "resolved": "https://registry.npmjs.org/string-width/-/string-width-1.0.2.tgz",
          "integrity": "sha1-EYvfW4zcUaKn5w0hHgfisLmxB9M="
        },
        "yargs-parser": {
          "version": "4.2.1",
          "resolved": "https://registry.npmjs.org/yargs-parser/-/yargs-parser-4.2.1.tgz",
          "integrity": "sha1-KczqwNxPA8bIe0qfIX3RjJ90hxw="
        }
      }
    },
    "zone.js": {
      "version": "0.8.12",
      "resolved": "https://registry.npmjs.org/zone.js/-/zone.js-0.8.12.tgz",
      "integrity": "sha1-hv9QU8mK7CkaC/S7rFAdaUoFz7s="
    }
  }
}
